# This file is automatically @generated by Cargo.
# It is not intended for manual editing.
version = 4

[[package]]
name = "core-api"
version = "0.0.0"

[[package]]
name = "core-db"
version = "0.0.0"

[[package]]
name = "core-fetch"
version = "0.0.0"

[[package]]
name = "core-model"
version = "0.0.0"

[[package]]
name = "core-pair"
version = "0.0.0"

[[package]]
name = "core-parse"
version = "0.0.0"

[[package]]
name = "core-search"
version = "0.0.0"

[[package]]
name = "core-xtream"
version = "0.0.0"

[[package]]
name = "xtask"
version = "0.0.0"
